{
  "version": "2",
  "remote": {
    "https://deno.land/std@0.150.0/media_types/_util.ts": "ce9b4fc4ba1c447dafab619055e20fd88236ca6bdd7834a21f98bd193c3fbfa1",
    "https://deno.land/std@0.150.0/media_types/mod.ts": "2d4b6f32a087029272dc59e0a55ae3cc4d1b27b794ccf528e94b1925795b3118",
    "https://deno.land/std@0.150.0/media_types/vendor/mime-db.v1.52.0.ts": "724cee25fa40f1a52d3937d6b4fbbfdd7791ff55e1b7ac08d9319d5632c7f5af",
    "https://deno.land/std@0.192.0/collections/filter_values.ts": "5b9feaf17b9a6e5ffccdd36cf6f38fa4ffa94cff2602d381c2ad0c2a97929652",
    "https://deno.land/std@0.192.0/collections/without_all.ts": "a89f5da0b5830defed4f59666e188df411d8fece35a5f6ca69be6ca71a95c185",
    "https://deno.land/std@0.192.0/dotenv/load.ts": "0636983549b98f29ab75c9a22a42d9723f0a389ece5498fe971e7bb2556a12e2",
    "https://deno.land/std@0.192.0/dotenv/mod.ts": "f5a8123741d1561ae8184a7f043bc097b15132c5171c651142b804b6dbc21853",
    "https://deno.land/x/xhr@0.3.0/mod.ts": "094aacd627fd9635cd942053bf8032b5223b909858fa9dc8ffa583752ff63b20",
    "https://esm.sh/langchain@0.0.110/agents": "293c63f534ccedeba7d36db52c27c501c7aeac321d20240ecf9566020a4cc155",
    "https://esm.sh/langchain@0.0.110/chat_models/openai": "91f6415c28d10f99685b908b68ea69710e122b5f362fff7ce9f3f9ab7e027b8c",
    "https://esm.sh/langchain@0.0.110/tools": "78e282102f1a904d22b76eb4db93f540ceb95ea33784bf859983b6d7a65050c2",
    "https://esm.sh/langchain@0.0.110/tools/calculator": "c54213277ce57d8f35ec65f09e06e5abbdd69166672f0720801066436adb9c12",
    "https://esm.sh/v128/ansi-styles@5.2.0/denonext/ansi-styles.mjs": "8a10e68165432fcfd0929bdeb4e33a194af8b790702f60b2ea0477749990964c",
    "https://esm.sh/v128/axios@0.26.1/denonext/axios.mjs": "47a07052e9c7fb76cf4c8e88b9af352a07c8ea12840b5c0eb77c75abcf1b817a",
    "https://esm.sh/v128/axios@1.4.0/denonext/axios.mjs": "eeb0c62bb5d7cecad9172b0653cfe4c84e7ec18ab2aa3f92e927fc4614bb0e7a",
    "https://esm.sh/v128/base64-js@1.5.1/denonext/base64-js.mjs": "fc961905a7e7a9a1c753f006903a610306d299569a0b3af9c48318a28ac48b84",
    "https://esm.sh/v128/camelcase@6.3.0/denonext/camelcase.mjs": "ac0c366a0afa66cdf9eab2f6e188e0d86fce8d59d410e9642b216c1548b1c35f",
    "https://esm.sh/v128/decamelize@1.2.0/denonext/decamelize.mjs": "504737df810416c264e5b908664fcce90aa57500ef725b262a8bea0ccb7f8e14",
    "https://esm.sh/v128/eventemitter3@4.0.7/denonext/eventemitter3.mjs": "6f8a6195e1a9effb73bb163c577400d608dec7c4e0bd839045fd9ea4db66e9fe",
    "https://esm.sh/v128/expr-eval@2.0.2/denonext/expr-eval.mjs": "e464675a0a6dcdf338919d8b55af90273681f20310e5ac236dec8da4f6f11831",
    "https://esm.sh/v128/form-data@4.0.0/denonext/form-data.mjs": "48e84ac3b590bc364839367938d7e48ca37615a0c66e56dcc7356c3172ec7790",
    "https://esm.sh/v128/js-tiktoken@1.0.7/denonext/lite.js": "82ad3a47833c366c11f36caf23b0345f9865c0d2cab5cdc974dc25586ec564d4",
    "https://esm.sh/v128/jsonpointer@5.0.1/denonext/jsonpointer.mjs": "fc579e3ccc5d17f1818a7bb91c367d32302e75a92941a3025b9573b742ee78f4",
    "https://esm.sh/v128/langchain@0.0.110/denonext/agents.js": "8851654af26a8121023d4c3ed380267a314bcaafa4adb92478cd2e03749a21ab",
    "https://esm.sh/v128/langchain@0.0.110/denonext/chat_models/openai.js": "f46ead52bf4bf46e643f576b5c0de533a26c2658d3489c308409d6da258f4d24",
    "https://esm.sh/v128/langchain@0.0.110/denonext/dist/agents/mrkl.js": "8ea4b146fb147099480dfec6063a7e1efbcca5c957af30b0be64dd9debcf4e84",
    "https://esm.sh/v128/langchain@0.0.110/denonext/dist/chains/api/api_chain.js": "3c2cf2825d37de68317660b6ffd1fa51db802d31060d72d199b4979492e455ad",
    "https://esm.sh/v128/langchain@0.0.110/denonext/dist/chains/combine_docs_chain.js": "b2d319a39a6205f513f1abfb9faed6228c26a9747d66f5f3e738750814123db3",
    "https://esm.sh/v128/langchain@0.0.110/denonext/dist/chains/llm_chain.js": "b80cc89d2cbb93463c56f9f0b46507e80087cf94283d6df3c031dc326b5e2dbf",
    "https://esm.sh/v128/langchain@0.0.110/denonext/dist/chains/sequential_chain.js": "e1c123939ef9728f111690f5b64c741866999ee42e8574bda8afe1590007f4b0",
    "https://esm.sh/v128/langchain@0.0.110/denonext/dist/chains/vector_db_qa.js": "e09215f88d45439001e6beae77dac7546a0f6a015325aa1b50fb71f07d8aafa6",
    "https://esm.sh/v128/langchain@0.0.110/denonext/dist/chat_models/openai.js": "7c6bd46206d6f9b034aed6c9d77669f45ce0fd56020d32f92667907a0d42006d",
    "https://esm.sh/v128/langchain@0.0.110/denonext/dist/prompts/few_shot.js": "8d9e422c85a9b61a52edc6d0d3a98eadd4b52681945ebac63bbc33e78580313d",
    "https://esm.sh/v128/langchain@0.0.110/denonext/dist/prompts/prompt.js": "2dcb90136cd4e4c3293c4d1f33e7d15c7dc918ba6c860dfeff271c39defa3d3d",
    "https://esm.sh/v128/langchain@0.0.110/denonext/tools.js": "a4e207e92bf6ec4551a49ed2ac47c08065743063f512987b33f8fe8ecb97925f",
    "https://esm.sh/v128/langchain@0.0.110/denonext/tools/calculator.js": "fa5f04ab5045ec1b67de7ee6f2d69d757c1cb8bb7b615b0271d21d157df9c143",
    "https://esm.sh/v128/langsmith@0.0.5/denonext/langsmith.mjs": "c04badda111df048906408aef36824fb1de09409dfc8a43c3e279d03f228715d",
    "https://esm.sh/v128/openai@3.3.0/denonext/openai.mjs": "9638a4808974eef7e494c3ce96d90b59512fd88d539fb787e85a607956b34c95",
    "https://esm.sh/v128/p-finally@1.0.0/denonext/p-finally.mjs": "5ad31f91b28a49a738260a79a0be34bf64bcd03ee7909350dd0227e573eae781",
    "https://esm.sh/v128/p-queue@6.6.2/denonext/p-queue.mjs": "f7caf546c6bb4aefeadd96577243c6dabe63b3afd7fba211f66f2fd2559ee7ed",
    "https://esm.sh/v128/p-retry@4.6.2/denonext/p-retry.mjs": "49512ccea5de84ee3a6fb13b3197840fd8c9ac7ca93765e12ef7f32a0dc66fe8",
    "https://esm.sh/v128/p-timeout@3.2.0/denonext/p-timeout.mjs": "aad42d1eb2a940fafbb16cf0759d0f8d61751e79ea29ce8a6e084aed47fe9ba3",
    "https://esm.sh/v128/retry@0.13.1/denonext/retry.mjs": "0d9e9d51789f08a5d07d34e16693a133f0faaca52379af8639c682370b6c5ad7",
    "https://esm.sh/v128/uuid@9.0.0/denonext/uuid.mjs": "ac96be3c985ecc0f0a14dfe23d6ec8d37b2360e9a331f3330d557b7f5210aa53",
    "https://esm.sh/v128/zod-to-json-schema@3.21.4/denonext/zod-to-json-schema.mjs": "1426de4031fe7b060aad3749941751167532dff69ee6074537144a5e6a224719",
    "https://esm.sh/v128/zod@3.21.4/denonext/zod.mjs": "3e104633fb5d127189f1a38f52f5620a21ec8988d639b5adcf5a65be1cbbcc62"
  }
}
